{
  "name": "hund",
  "lockfileVersion": 2,
  "requires": true,
  "packages": {
    "": {
      "dependencies": {
        "@tosspayments/tosspayments-sdk": "^2.6.0"
      }
    },
    "node_modules/@tosspayments/tosspayments-sdk": {
      "version": "2.6.0",
      "resolved": "https://registry.npmjs.org/@tosspayments/tosspayments-sdk/-/tosspayments-sdk-2.6.0.tgz",
      "integrity": "sha512-d/9tCj5d+Jbj312bWYXo9dtGNzQaWRxTKWmw6rTwuDgw5g4mrJWV9dP9qiN6/x9PYaphbYDjxGenguHoVQXTGA=="
    }
  },
  "dependencies": {
    "@tosspayments/tosspayments-sdk": {
      "version": "2.6.0",
      "resolved": "https://registry.npmjs.org/@tosspayments/tosspayments-sdk/-/tosspayments-sdk-2.6.0.tgz",
      "integrity": "sha512-d/9tCj5d+Jbj312bWYXo9dtGNzQaWRxTKWmw6rTwuDgw5g4mrJWV9dP9qiN6/x9PYaphbYDjxGenguHoVQXTGA=="
    }
  }
}
